
Microsoft Visual Studio Solution File, Format Version 12.00
# Visual Studio Version 16
VisualStudioVersion = 16.0.30225.117
MinimumVisualStudioVersion = 10.0.40219.1
Project("{2150E333-8FDC-42A3-9474-1A3956D46DE8}") = "src", "src", "{47D4B45A-1AF9-4D0E-9E10-005093CC1088}"
EndProject
Project("{2150E333-8FDC-42A3-9474-1A3956D46DE8}") = "Building Blocks", "Building Blocks", "{EAB46719-203C-4CD3-9175-492B7DEFCAA8}"
EndProject
Project("{2150E333-8FDC-42A3-9474-1A3956D46DE8}") = "Services", "Services", "{19BB0C6E-3F23-4941-B650-C176D628999B}"
EndProject
Project("{2150E333-8FDC-42A3-9474-1A3956D46DE8}") = "Web", "Web", "{67596CF7-1A91-45BB-8177-5BE84F07B861}"
EndProject
Project("{2150E333-8FDC-42A3-9474-1A3956D46DE8}") = "Identidade", "Identidade", "{729DC534-91D4-4E17-A4F8-A60E5105A75A}"
EndProject
Project("{9A19103F-16F7-4668-BE54-9A1E7A4F7556}") = "NSE.Identidade.API", "src\services\NSE.Identidade.API\NSE.Identidade.API.csproj", "{4A036884-9A88-49B8-BA0A-8F099C1C06FB}"
EndProject
Project("{2150E333-8FDC-42A3-9474-1A3956D46DE8}") = "MVC", "MVC", "{9BCA8F03-7945-4D1A-8AC7-B83EA3C5FD9C}"
EndProject
Project("{9A19103F-16F7-4668-BE54-9A1E7A4F7556}") = "NSE.WebApp.MVC", "src\web\NSE.WebApp.MVC\NSE.WebApp.MVC.csproj", "{47BFF8E5-1E58-4CDF-AE98-A862B19806A8}"
EndProject
Project("{2150E333-8FDC-42A3-9474-1A3956D46DE8}") = "Core", "Core", "{85F933CC-B9A1-499C-8267-7A9C0212F131}"
EndProject
Project("{9A19103F-16F7-4668-BE54-9A1E7A4F7556}") = "NSE.Core", "src\buildBlocks\NSE.Core\NSE.Core.csproj", "{3640D092-0241-4FD4-810D-988E56342C74}"
EndProject
Project("{2150E333-8FDC-42A3-9474-1A3956D46DE8}") = "Carrinho", "Carrinho", "{F41CCE83-8D89-4E62-9411-D41BE32CC42D}"
EndProject
Project("{9A19103F-16F7-4668-BE54-9A1E7A4F7556}") = "NSE.Carrinho.API", "src\services\NSE.Carrinho.API\NSE.Carrinho.API.csproj", "{89F5052E-C8E5-44C2-A7DD-1D2E5B1DABDD}"
EndProject
Project("{2150E333-8FDC-42A3-9474-1A3956D46DE8}") = "Catalogo", "Catalogo", "{6F5A93C6-D245-4B99-8F44-E3D1C78941F7}"
EndProject
Project("{9A19103F-16F7-4668-BE54-9A1E7A4F7556}") = "NSE.Catalogo.API", "src\services\NSE.Catalogo.API\NSE.Catalogo.API.csproj", "{603BBC32-0349-421A-9A04-9A3ADE626CA1}"
EndProject
Project("{2150E333-8FDC-42A3-9474-1A3956D46DE8}") = "Cliente", "Cliente", "{768C2AF2-D26D-4F81-865B-56783DE201FA}"
EndProject
Project("{9A19103F-16F7-4668-BE54-9A1E7A4F7556}") = "NSE.Cliente.API", "src\services\NSE.Cliente.API\NSE.Cliente.API.csproj", "{02160990-F3F6-4DBF-9B7F-928912BBC099}"
EndProject
Project("{2150E333-8FDC-42A3-9474-1A3956D46DE8}") = "Pagamento", "Pagamento", "{E246B6A0-5EA9-4602-81DC-A7A7644A6908}"
EndProject
Project("{9A19103F-16F7-4668-BE54-9A1E7A4F7556}") = "NSE.Pagamento.API", "src\services\NSE.Pagamento.API\NSE.Pagamento.API.csproj", "{389C0BCE-0958-433A-A8E7-4B48A8B03BFF}"
EndProject
Project("{2150E333-8FDC-42A3-9474-1A3956D46DE8}") = "Pedido", "Pedido", "{F6E3976D-0FF6-461C-B8AC-2EC618930F0E}"
EndProject
Project("{9A19103F-16F7-4668-BE54-9A1E7A4F7556}") = "NSE.Pedido.API", "src\services\NSE.Pedido.API\NSE.Pedido.API.csproj", "{470ECC43-2334-4841-8A4F-C248ED1627DF}"
EndProject
Project("{2150E333-8FDC-42A3-9474-1A3956D46DE8}") = "Services", "Services", "{F87BF592-B491-4826-BE95-132007BA5543}"
EndProject
Project("{9A19103F-16F7-4668-BE54-9A1E7A4F7556}") = "NSE.WebAPI.Core", "src\buildBlocks\NSE.WebAPI.Core\NSE.WebAPI.Core.csproj", "{FFC35B8E-65BE-4DBA-B537-DCD320056CF2}"
EndProject
Global
	GlobalSection(SolutionConfigurationPlatforms) = preSolution
		Debug|Any CPU = Debug|Any CPU
		Release|Any CPU = Release|Any CPU
	EndGlobalSection
	GlobalSection(ProjectConfigurationPlatforms) = postSolution
		{4A036884-9A88-49B8-BA0A-8F099C1C06FB}.Debug|Any CPU.ActiveCfg = Debug|Any CPU
		{4A036884-9A88-49B8-BA0A-8F099C1C06FB}.Debug|Any CPU.Build.0 = Debug|Any CPU
		{4A036884-9A88-49B8-BA0A-8F099C1C06FB}.Release|Any CPU.ActiveCfg = Release|Any CPU
		{4A036884-9A88-49B8-BA0A-8F099C1C06FB}.Release|Any CPU.Build.0 = Release|Any CPU
		{47BFF8E5-1E58-4CDF-AE98-A862B19806A8}.Debug|Any CPU.ActiveCfg = Debug|Any CPU
		{47BFF8E5-1E58-4CDF-AE98-A862B19806A8}.Debug|Any CPU.Build.0 = Debug|Any CPU
		{47BFF8E5-1E58-4CDF-AE98-A862B19806A8}.Release|Any CPU.ActiveCfg = Release|Any CPU
		{47BFF8E5-1E58-4CDF-AE98-A862B19806A8}.Release|Any CPU.Build.0 = Release|Any CPU
		{3640D092-0241-4FD4-810D-988E56342C74}.Debug|Any CPU.ActiveCfg = Debug|Any CPU
		{3640D092-0241-4FD4-810D-988E56342C74}.Debug|Any CPU.Build.0 = Debug|Any CPU
		{3640D092-0241-4FD4-810D-988E56342C74}.Release|Any CPU.ActiveCfg = Release|Any CPU
		{3640D092-0241-4FD4-810D-988E56342C74}.Release|Any CPU.Build.0 = Release|Any CPU
		{89F5052E-C8E5-44C2-A7DD-1D2E5B1DABDD}.Debug|Any CPU.ActiveCfg = Debug|Any CPU
		{89F5052E-C8E5-44C2-A7DD-1D2E5B1DABDD}.Debug|Any CPU.Build.0 = Debug|Any CPU
		{89F5052E-C8E5-44C2-A7DD-1D2E5B1DABDD}.Release|Any CPU.ActiveCfg = Release|Any CPU
		{89F5052E-C8E5-44C2-A7DD-1D2E5B1DABDD}.Release|Any CPU.Build.0 = Release|Any CPU
		{603BBC32-0349-421A-9A04-9A3ADE626CA1}.Debug|Any CPU.ActiveCfg = Debug|Any CPU
		{603BBC32-0349-421A-9A04-9A3ADE626CA1}.Debug|Any CPU.Build.0 = Debug|Any CPU
		{603BBC32-0349-421A-9A04-9A3ADE626CA1}.Release|Any CPU.ActiveCfg = Release|Any CPU
		{603BBC32-0349-421A-9A04-9A3ADE626CA1}.Release|Any CPU.Build.0 = Release|Any CPU
		{02160990-F3F6-4DBF-9B7F-928912BBC099}.Debug|Any CPU.ActiveCfg = Debug|Any CPU
		{02160990-F3F6-4DBF-9B7F-928912BBC099}.Debug|Any CPU.Build.0 = Debug|Any CPU
		{02160990-F3F6-4DBF-9B7F-928912BBC099}.Release|Any CPU.ActiveCfg = Release|Any CPU
		{02160990-F3F6-4DBF-9B7F-928912BBC099}.Release|Any CPU.Build.0 = Release|Any CPU
		{389C0BCE-0958-433A-A8E7-4B48A8B03BFF}.Debug|Any CPU.ActiveCfg = Debug|Any CPU
		{389C0BCE-0958-433A-A8E7-4B48A8B03BFF}.Debug|Any CPU.Build.0 = Debug|Any CPU
		{389C0BCE-0958-433A-A8E7-4B48A8B03BFF}.Release|Any CPU.ActiveCfg = Release|Any CPU
		{389C0BCE-0958-433A-A8E7-4B48A8B03BFF}.Release|Any CPU.Build.0 = Release|Any CPU
		{470ECC43-2334-4841-8A4F-C248ED1627DF}.Debug|Any CPU.ActiveCfg = Debug|Any CPU
		{470ECC43-2334-4841-8A4F-C248ED1627DF}.Debug|Any CPU.Build.0 = Debug|Any CPU
		{470ECC43-2334-4841-8A4F-C248ED1627DF}.Release|Any CPU.ActiveCfg = Release|Any CPU
		{470ECC43-2334-4841-8A4F-C248ED1627DF}.Release|Any CPU.Build.0 = Release|Any CPU
		{FFC35B8E-65BE-4DBA-B537-DCD320056CF2}.Debug|Any CPU.ActiveCfg = Debug|Any CPU
		{FFC35B8E-65BE-4DBA-B537-DCD320056CF2}.Debug|Any CPU.Build.0 = Debug|Any CPU
		{FFC35B8E-65BE-4DBA-B537-DCD320056CF2}.Release|Any CPU.ActiveCfg = Release|Any CPU
		{FFC35B8E-65BE-4DBA-B537-DCD320056CF2}.Release|Any CPU.Build.0 = Release|Any CPU
	EndGlobalSection
	GlobalSection(SolutionProperties) = preSolution
		HideSolutionNode = FALSE
	EndGlobalSection
	GlobalSection(NestedProjects) = preSolution
		{EAB46719-203C-4CD3-9175-492B7DEFCAA8} = {47D4B45A-1AF9-4D0E-9E10-005093CC1088}
		{19BB0C6E-3F23-4941-B650-C176D628999B} = {47D4B45A-1AF9-4D0E-9E10-005093CC1088}
		{67596CF7-1A91-45BB-8177-5BE84F07B861} = {47D4B45A-1AF9-4D0E-9E10-005093CC1088}
		{729DC534-91D4-4E17-A4F8-A60E5105A75A} = {19BB0C6E-3F23-4941-B650-C176D628999B}
		{4A036884-9A88-49B8-BA0A-8F099C1C06FB} = {729DC534-91D4-4E17-A4F8-A60E5105A75A}
		{9BCA8F03-7945-4D1A-8AC7-B83EA3C5FD9C} = {67596CF7-1A91-45BB-8177-5BE84F07B861}
		{47BFF8E5-1E58-4CDF-AE98-A862B19806A8} = {9BCA8F03-7945-4D1A-8AC7-B83EA3C5FD9C}
		{85F933CC-B9A1-499C-8267-7A9C0212F131} = {EAB46719-203C-4CD3-9175-492B7DEFCAA8}
		{3640D092-0241-4FD4-810D-988E56342C74} = {85F933CC-B9A1-499C-8267-7A9C0212F131}
		{F41CCE83-8D89-4E62-9411-D41BE32CC42D} = {19BB0C6E-3F23-4941-B650-C176D628999B}
		{89F5052E-C8E5-44C2-A7DD-1D2E5B1DABDD} = {F41CCE83-8D89-4E62-9411-D41BE32CC42D}
		{6F5A93C6-D245-4B99-8F44-E3D1C78941F7} = {19BB0C6E-3F23-4941-B650-C176D628999B}
		{603BBC32-0349-421A-9A04-9A3ADE626CA1} = {6F5A93C6-D245-4B99-8F44-E3D1C78941F7}
		{768C2AF2-D26D-4F81-865B-56783DE201FA} = {19BB0C6E-3F23-4941-B650-C176D628999B}
		{02160990-F3F6-4DBF-9B7F-928912BBC099} = {768C2AF2-D26D-4F81-865B-56783DE201FA}
		{E246B6A0-5EA9-4602-81DC-A7A7644A6908} = {19BB0C6E-3F23-4941-B650-C176D628999B}
		{389C0BCE-0958-433A-A8E7-4B48A8B03BFF} = {E246B6A0-5EA9-4602-81DC-A7A7644A6908}
		{F6E3976D-0FF6-461C-B8AC-2EC618930F0E} = {19BB0C6E-3F23-4941-B650-C176D628999B}
		{470ECC43-2334-4841-8A4F-C248ED1627DF} = {F6E3976D-0FF6-461C-B8AC-2EC618930F0E}
		{F87BF592-B491-4826-BE95-132007BA5543} = {EAB46719-203C-4CD3-9175-492B7DEFCAA8}
		{FFC35B8E-65BE-4DBA-B537-DCD320056CF2} = {F87BF592-B491-4826-BE95-132007BA5543}
	EndGlobalSection
	GlobalSection(ExtensibilityGlobals) = postSolution
		SolutionGuid = {D70621BB-F630-434B-85A2-530101162D68}
	EndGlobalSection
EndGlobal
